{
  "name": "data-format-convertor",
  "version": "1.0.0",
  "lockfileVersion": 3,
  "requires": true,
  "packages": {
    "": {
      "name": "data-format-convertor",
      "version": "1.0.0",
      "license": "ISC",
      "dependencies": {
        "data-format-convertor": "^1.0.0"
      }
    },
    "node_modules/data-format-convertor": {
      "version": "1.0.0",
      "resolved": "https://registry.npmjs.org/data-format-convertor/-/data-format-convertor-1.0.0.tgz",
      "integrity": "sha512-Rdi/sgmwEhF9OZ+YAxL+lKlcevvPzPohEFHKEY+aK48Gs1yjI21jXSLo7elU0DaWifJUKpR67Hju1y5n8oP+pg=="
    }
  }
}
